// !$*UTF8*$!
{
	archiveVersion = 1;
	classes = {
	};
	objectVersion = 46;
	objects = {

/* Begin PBXBuildFile section */
		EE56A81A1DB2AA3B00447196 /* ColorWheel.swift in Sources */ = {isa = PBXBuildFile; fileRef = EE56A8191DB2AA3B00447196 /* ColorWheel.swift */; };
		EE59B6961D6C95390044FCC1 /* AppDelegate.swift in Sources */ = {isa = PBXBuildFile; fileRef = EE59B6951D6C95390044FCC1 /* AppDelegate.swift */; };
		EE59B6981D6C95390044FCC1 /* ViewController.swift in Sources */ = {isa = PBXBuildFile; fileRef = EE59B6971D6C95390044FCC1 /* ViewController.swift */; };
		EE59B69B1D6C95390044FCC1 /* Main.storyboard in Resources */ = {isa = PBXBuildFile; fileRef = EE59B6991D6C95390044FCC1 /* Main.storyboard */; };
		EE59B69D1D6C95390044FCC1 /* Assets.xcassets in Resources */ = {isa = PBXBuildFile; fileRef = EE59B69C1D6C95390044FCC1 /* Assets.xcassets */; };
		EE59B6A01D6C95390044FCC1 /* LaunchScreen.storyboard in Resources */ = {isa = PBXBuildFile; fileRef = EE59B69E1D6C95390044FCC1 /* LaunchScreen.storyboard */; };
		EEB087821DB12896003DD1F2 /* FactBook.swift in Sources */ = {isa = PBXBuildFile; fileRef = EEB087811DB12896003DD1F2 /* FactBook.swift */; };
/* End PBXBuildFile section */

/* Begin PBXFileReference section */
		EE56A8191DB2AA3B00447196 /* ColorWheel.swift */ = {isa = PBXFileReference; fileEncoding = 4; lastKnownFileType = sourcecode.swift; path = ColorWheel.swift; sourceTree = "<group>"; };
		EE56A81C1DB2AAFE00447196 /* Scratchpad.playground */ = {isa = PBXFileReference; lastKnownFileType = file.playground; path = Scratchpad.playground; sourceTree = "<group>"; };
		EE59B6921D6C95390044FCC1 /* FunFacts.app */ = {isa = PBXFileReference; explicitFileType = wrapper.application; includeInIndex = 0; path = FunFacts.app; sourceTree = BUILT_PRODUCTS_DIR; };
		EE59B6951D6C95390044FCC1 /* AppDelegate.swift */ = {isa = PBXFileReference; lastKnownFileType = sourcecode.swift; path = AppDelegate.swift; sourceTree = "<group>"; };
		EE59B6971D6C95390044FCC1 /* ViewController.swift */ = {isa = PBXFileReference; lastKnownFileType = sourcecode.swift; path = ViewController.swift; sourceTree = "<group>"; };
		EE59B69A1D6C95390044FCC1 /* Base */ = {isa = PBXFileReference; lastKnownFileType = file.storyboard; name = Base; path = Base.lproj/Main.storyboard; sourceTree = "<group>"; };
		EE59B69C1D6C95390044FCC1 /* Assets.xcassets */ = {isa = PBXFileReference; lastKnownFileType = folder.assetcatalog; path = Assets.xcassets; sourceTree = "<group>"; };
		EE59B69F1D6C95390044FCC1 /* Base */ = {isa = PBXFileReference; lastKnownFileType = file.storyboard; name = Base; path = Base.lproj/LaunchScreen.storyboard; sourceTree = "<group>"; };
		EE59B6A11D6C95390044FCC1 /* Info.plist */ = {isa = PBXFileReference; lastKnownFileType = text.plist.xml; path = Info.plist; sourceTree = "<group>"; };
		EEB087811DB12896003DD1F2 /* FactBook.swift */ = {isa = PBXFileReference; fileEncoding = 4; lastKnownFileType = sourcecode.swift; path = FactBook.swift; sourceTree = "<group>"; };
/* End PBXFileReference section */

/* Begin PBXFrameworksBuildPhase section */
		EE59B68F1D6C95390044FCC1 /* Frameworks */ = {
			isa = PBXFrameworksBuildPhase;
			buildActionMask = 2147483647;
			files = (
			);
			runOnlyForDeploymentPostprocessing = 0;
		};
/* End PBXFrameworksBuildPhase section */

/* Begin PBXGroup section */
		EE56A81B1DB2AAD400447196 /* Playgrounds */ = {
			isa = PBXGroup;
			children = (
				EE56A81C1DB2AAFE00447196 /* Scratchpad.playground */,
			);
			name = Playgrounds;
			sourceTree = "<group>";
		};
		EE59B6891D6C95390044FCC1 = {
			isa = PBXGroup;
			children = (
				EE56A81B1DB2AAD400447196 /* Playgrounds */,
				EE59B6941D6C95390044FCC1 /* FunFacts */,
				EE59B6931D6C95390044FCC1 /* Products */,
			);
			sourceTree = "<group>";
		};
		EE59B6931D6C95390044FCC1 /* Products */ = {
			isa = PBXGroup;
			children = (
				EE59B6921D6C95390044FCC1 /* FunFacts.app */,
			);
			name = Products;
			sourceTree = "<group>";
		};
		EE59B6941D6C95390044FCC1 /* FunFacts */ = {
			isa = PBXGroup;
			children = (
				EE59B6951D6C95390044FCC1 /* AppDelegate.swift */,
				EE59B6971D6C95390044FCC1 /* ViewController.swift */,
				EE59B6991D6C95390044FCC1 /* Main.storyboard */,
				EE59B69C1D6C95390044FCC1 /* Assets.xcassets */,
				EE59B69E1D6C95390044FCC1 /* LaunchScreen.storyboard */,
				EE59B6A11D6C95390044FCC1 /* Info.plist */,
				EEB087811DB12896003DD1F2 /* FactBook.swift */,
				EE56A8191DB2AA3B00447196 /* ColorWheel.swift */,
			);
			path = FunFacts;
			sourceTree = "<group>";
		};
/* End PBXGroup section */

/* Begin PBXNativeTarget section */
		EE59B6911D6C95390044FCC1 /* FunFacts */ = {
			isa = PBXNativeTarget;
			buildConfigurationList = EE59B6A41D6C95390044FCC1 /* Build configuration list for PBXNativeTarget "FunFacts" */;
			buildPhases = (
				EE59B68E1D6C95390044FCC1 /* Sources */,
				EE59B68F1D6C95390044FCC1 /* Frameworks */,
				EE59B6901D6C95390044FCC1 /* Resources */,
			);
			buildRules = (
			);
			dependencies = (
			);
			name = FunFacts;
			productName = FunFacts;
			productReference = EE59B6921D6C95390044FCC1 /* FunFacts.app */;
			productType = "com.apple.product-type.application";
		};
/* End PBXNativeTarget section */

/* Begin PBXProject section */
		EE59B68A1D6C95390044FCC1 /* Project object */ = {
			isa = PBXProject;
			attributes = {
				LastSwiftUpdateCheck = 0730;
				LastUpgradeCheck = 0800;
				ORGANIZATIONNAME = KenBurkhardt;
				TargetAttributes = {
					EE59B6911D6C95390044FCC1 = {
						CreatedOnToolsVersion = 7.3.1;
						LastSwiftMigration = 0800;
					};
				};
			};
			buildConfigurationList = EE59B68D1D6C95390044FCC1 /* Build configuration list for PBXProject "FunFacts" */;
			compatibilityVersion = "Xcode 3.2";
			developmentRegion = English;
			hasScannedForEncodings = 0;
			knownRegions = (
				en,
				Base,
			);
			mainGroup = EE59B6891D6C95390044FCC1;
			productRefGroup = EE59B6931D6C95390044FCC1 /* Products */;
			projectDirPath = "";
			projectRoot = "";
			targets = (
				EE59B6911D6C95390044FCC1 /* FunFacts */,
			);
		};
/* End PBXProject section */

/* Begin PBXResourcesBuildPhase section */
		EE59B6901D6C95390044FCC1 /* Resources */ = {
			isa = PBXResourcesBuildPhase;
			buildActionMask = 2147483647;
			files = (
				EE59B6A01D6C95390044FCC1 /* LaunchScreen.storyboard in Resources */,
				EE59B69D1D6C95390044FCC1 /* Assets.xcassets in Resources */,
				EE59B69B1D6C95390044FCC1 /* Main.storyboard in Resources */,
			);
			runOnlyForDeploymentPostprocessing = 0;
		};
/* End PBXResourcesBuildPhase section */

/* Begin PBXSourcesBuildPhase section */
		EE59B68E1D6C95390044FCC1 /* Sources */ = {
			isa = PBXSourcesBuildPhase;
			buildActionMask = 2147483647;
			files = (
				EEB087821DB12896003DD1F2 /* FactBook.swift in Sources */,
				EE59B6981D6C95390044FCC1 /* ViewController.swift in Sources */,
				EE59B6961D6C95390044FCC1 /* AppDelegate.swift in Sources */,
				EE56A81A1DB2AA3B00447196 /* ColorWheel.swift in Sources */,
			);
			runOnlyForDeploymentPostprocessing = 0;
		};
/* End PBXSourcesBuildPhase section */

/* Begin PBXVariantGroup section */
		EE59B6991D6C95390044FCC1 /* Main.storyboard */ = {
			isa = PBXVariantGroup;
			children = (
				EE59B69A1D6C95390044FCC1 /* Base */,
			);
			name = Main.storyboard;
			sourceTree = "<group>";
		};
		EE59B69E1D6C95390044FCC1 /* LaunchScreen.storyboard */ = {
			isa = PBXVariantGroup;
			children = (
				EE59B69F1D6C95390044FCC1 /* Base */,
			);
			name = LaunchScreen.storyboard;
			sourceTree = "<group>";
		};
/* End PBXVariantGroup section */

/* Begin XCBuildConfiguration section */
		EE59B6A21D6C95390044FCC1 /* Debug */ = {
			isa = XCBuildConfiguration;
			buildSettings = {
				ALWAYS_SEARCH_USER_PATHS = NO;
				CLANG_ANALYZER_NONNULL = YES;
				CLANG_CXX_LANGUAGE_STANDARD = "gnu++0x";
				CLANG_CXX_LIBRARY = "libc++";
				CLANG_ENABLE_MODULES = YES;
				CLANG_ENABLE_OBJC_ARC = YES;
				CLANG_WARN_BOOL_CONVERSION = YES;
				CLANG_WARN_CONSTANT_CONVERSION = YES;
				CLANG_WARN_DIRECT_OBJC_ISA_USAGE = YES_ERROR;
				CLANG_WARN_EMPTY_BODY = YES;
				CLANG_WARN_ENUM_CONVERSION = YES;
				CLANG_WARN_INFINITE_RECURSION = YES;
				CLANG_WARN_INT_CONVERSION = YES;
				CLANG_WARN_OBJC_ROOT_CLASS = YES_ERROR;
				CLANG_WARN_SUSPICIOUS_MOVE = YES;
				CLANG_WARN_UNREACHABLE_CODE = YES;
				CLANG_WARN__DUPLICATE_METHOD_MATCH = YES;
				"CODE_SIGN_IDENTITY[sdk=iphoneos*]" = "iPhone Developer";
				COPY_PHASE_STRIP = NO;
				DEBUG_INFORMATION_FORMAT = dwarf;
				ENABLE_STRICT_OBJC_MSGSEND = YES;
				ENABLE_TESTABILITY = YES;
				GCC_C_LANGUAGE_STANDARD = gnu99;
				GCC_DYNAMIC_NO_PIC = NO;
				GCC_NO_COMMON_BLOCKS = YES;
				GCC_OPTIMIZATION_LEVEL = 0;
				GCC_PREPROCESSOR_DEFINITIONS = (
					"DEBUG=1",
					"$(inherited)",
				);
				GCC_WARN_64_TO_32_BIT_CONVERSION = YES;
				GCC_WARN_ABOUT_RETURN_TYPE = YES_ERROR;
				GCC_WARN_UNDECLARED_SELECTOR = YES;
				GCC_WARN_UNINITIALIZED_AUTOS = YES_AGGRESSIVE;
				GCC_WARN_UNUSED_FUNCTION = YES;
				GCC_WARN_UNUSED_VARIABLE = YES;
				IPHONEOS_DEPLOYMENT_TARGET = 9.3;
				MTL_ENABLE_DEBUG_INFO = YES;
				ONLY_ACTIVE_ARCH = YES;
				SDKROOT = iphoneos;
				SWIFT_OPTIMIZATION_LEVEL = "-Onone";
			};
			name = Debug;
		};
		EE59B6A31D6C95390044FCC1 /* Release */ = {
			isa = XCBuildConfiguration;
			buildSettings = {
				ALWAYS_SEARCH_USER_PATHS = NO;
				CLANG_ANALYZER_NONNULL = YES;
				CLANG_CXX_LANGUAGE_STANDARD = "gnu++0x";
				CLANG_CXX_LIBRARY = "libc++";
				CLANG_ENABLE_MODULES = YES;
				CLANG_ENABLE_OBJC_ARC = YES;
				CLANG_WARN_BOOL_CONVERSION = YES;
				CLANG_WARN_CONSTANT_CONVERSION = YES;
				CLANG_WARN_DIRECT_OBJC_ISA_USAGE = YES_ERROR;
				CLANG_WARN_EMPTY_BODY = YES;
				CLANG_WARN_ENUM_CONVERSION = YES;
				CLANG_WARN_INFINITE_RECURSION = YES;
				CLANG_WARN_INT_CONVERSION = YES;
				CLANG_WARN_OBJC_ROOT_CLASS = YES_ERROR;
				CLANG_WARN_SUSPICIOUS_MOVE = YES;
				CLANG_WARN_UNREACHABLE_CODE = YES;
				CLANG_WARN__DUPLICATE_METHOD_MATCH = YES;
				"CODE_SIGN_IDENTITY[sdk=iphoneos*]" = "iPhone Developer";
				COPY_PHASE_STRIP = NO;
				DEBUG_INFORMATION_FORMAT = "dwarf-with-dsym";
				ENABLE_NS_ASSERTIONS = NO;
				ENABLE_STRICT_OBJC_MSGSEND = YES;
				GCC_C_LANGUAGE_STANDARD = gnu99;
				GCC_NO_COMMON_BLOCKS = YES;
				GCC_WARN_64_TO_32_BIT_CONVERSION = YES;
				GCC_WARN_ABOUT_RETURN_TYPE = YES_ERROR;
				GCC_WARN_UNDECLARED_SELECTOR = YES;
				GCC_WARN_UNINITIALIZED_AUTOS = YES_AGGRESSIVE;
				GCC_WARN_UNUSED_FUNCTION = YES;
				GCC_WARN_UNUSED_VARIABLE = YES;
				IPHONEOS_DEPLOYMENT_TARGET = 9.3;
				MTL_ENABLE_DEBUG_INFO = NO;
				SDKROOT = iphoneos;
				SWIFT_OPTIMIZATION_LEVEL = "-Owholemodule";
				VALIDATE_PRODUCT = YES;
			};
			name = Release;
		};
		EE59B6A51D6C95390044FCC1 /* Debug */ = {
			isa = XCBuildConfiguration;
			buildSettings = {
				ASSETCATALOG_COMPILER_APPICON_NAME = AppIcon;
				INFOPLIST_FILE = FunFacts/Info.plist;
				LD_RUNPATH_SEARCH_PATHS = "$(inherited) @executable_path/Frameworks";
				PRODUCT_BUNDLE_IDENTIFIER = com.kenburkhardt.FunFacts;
				PRODUCT_NAME = "$(TARGET_NAME)";
				SWIFT_VERSION = 3.0;
			};
			name = Debug;
		};
		EE59B6A61D6C95390044FCC1 /* Release */ = {
			isa = XCBuildConfiguration;
			buildSettings = {
				ASSETCATALOG_COMPILER_APPICON_NAME = AppIcon;
				INFOPLIST_FILE = FunFacts/Info.plist;
				LD_RUNPATH_SEARCH_PATHS = "$(inherited) @executable_path/Frameworks";
				PRODUCT_BUNDLE_IDENTIFIER = com.kenburkhardt.FunFacts;
				PRODUCT_NAME = "$(TARGET_NAME)";
				SWIFT_VERSION = 3.0;
			};
			name = Release;
		};
/* End XCBuildConfiguration section */

/* Begin XCConfigurationList section */
		EE59B68D1D6C95390044FCC1 /* Build configuration list for PBXProject "FunFacts" */ = {
			isa = XCConfigurationList;
			buildConfigurations = (
				EE59B6A21D6C95390044FCC1 /* Debug */,
				EE59B6A31D6C95390044FCC1 /* Release */,
			);
			defaultConfigurationIsVisible = 0;
			defaultConfigurationName = Release;
		};
		EE59B6A41D6C95390044FCC1 /* Build configuration list for PBXNativeTarget "FunFacts" */ = {
			isa = XCConfigurationList;
			buildConfigurations = (
				EE59B6A51D6C95390044FCC1 /* Debug */,
				EE59B6A61D6C95390044FCC1 /* Release */,
			);
			defaultConfigurationIsVisible = 0;
			defaultConfigurationName = Release;
		};
/* End XCConfigurationList section */
	};
	rootObject = EE59B68A1D6C95390044FCC1 /* Project object */;
}
